
Microsoft Visual Studio Solution File, Format Version 12.00
# Visual Studio Version 16
VisualStudioVersion = 16.0.30011.22
MinimumVisualStudioVersion = 10.0.40219.1
Project("{8BC9CEB8-8B4A-11D0-8D11-00A0C91BC942}") = "0126773_SyafiqShahrin_ConwayGameofLife_A1", "0126773_SyafiqShahrin_ConwayGameofLife_A1\0126773_SyafiqShahrin_ConwayGameofLife_A1.vcxproj", "{F214170F-94FD-4574-9A11-886A40DCFB1B}"
EndProject
Global
	GlobalSection(SolutionConfigurationPlatforms) = preSolution
		Debug|x64 = Debug|x64
		Debug|x86 = Debug|x86
		Release|x64 = Release|x64
		Release|x86 = Release|x86
	EndGlobalSection
	GlobalSection(ProjectConfigurationPlatforms) = postSolution
		{F214170F-94FD-4574-9A11-886A40DCFB1B}.Debug|x64.ActiveCfg = Debug|x64
		{F214170F-94FD-4574-9A11-886A40DCFB1B}.Debug|x64.Build.0 = Debug|x64
		{F214170F-94FD-4574-9A11-886A40DCFB1B}.Debug|x86.ActiveCfg = Debug|Win32
		{F214170F-94FD-4574-9A11-886A40DCFB1B}.Debug|x86.Build.0 = Debug|Win32
		{F214170F-94FD-4574-9A11-886A40DCFB1B}.Release|x64.ActiveCfg = Release|x64
		{F214170F-94FD-4574-9A11-886A40DCFB1B}.Release|x64.Build.0 = Release|x64
		{F214170F-94FD-4574-9A11-886A40DCFB1B}.Release|x86.ActiveCfg = Release|Win32
		{F214170F-94FD-4574-9A11-886A40DCFB1B}.Release|x86.Build.0 = Release|Win32
	EndGlobalSection
	GlobalSection(SolutionProperties) = preSolution
		HideSolutionNode = FALSE
	EndGlobalSection
	GlobalSection(ExtensibilityGlobals) = postSolution
		SolutionGuid = {1F5C7CA6-3F1D-42D5-AAA0-7128217FCEB5}
	EndGlobalSection
EndGlobal
